{
  "nodes": {
    "nixpkgs": {
      "locked": {
        "lastModified": 1785141334,
        "narHash": "sha256-kh35kIx7el4Jk8Ki3BH9/Pn1eZYSYLJ6LMALos0zOy0=",
        "owner": "NixOS",
        "repo": "nixpkgs",
        "rev": "38a4887411571457d700c51c64a6e49ead2ed5ab",
        "type": "github"
      },
      "original": {
        "owner": "NixOS",
        "ref": "nixpkgs-unstable",
        "repo": "nixpkgs",
        "type": "github"
      }
    },
    "nixpkgs_2": {
      "locked": {
        "lastModified": 1784796856,
        "narHash": "sha256-vwxWgF+Gj276WznzGb1LxGsK/39HaQwgQXiU3EkC844=",
        "rev": "e2587caef70cea85dd97d7daab492899902dbf5d",
        "type": "tarball",
        "url": "https://releases.nixos.org/nixos/unstable/nixos-26.11pre1040357.e2587caef70c/nixexprs.tar.xz"
      },
      "original": {
        "type": "tarball",
        "url": "https://channels.nixos.org/nixos-unstable/nixexprs.tar.xz"
      }
    },
    "noctalia": {
      "inputs": {
        "nixpkgs": "nixpkgs_2"
      },
      "locked": {
        "lastModified": 1785159436,
        "narHash": "sha256-ITuWRK8yPsH6CqtNg7EO9VEvB42foWyPCDZgEs1kESQ=",
        "owner": "noctalia-dev",
        "repo": "noctalia",
        "rev": "d6c7c3332168a842061cdaeb3ba1ae2076d34056",
        "type": "github"
      },
      "original": {
        "owner": "noctalia-dev",
        "ref": "cachix",
        "repo": "noctalia",
        "type": "github"
      }
    },
    "noctalia-labwc-color-sync": {
      "flake": false,
      "locked": {
        "lastModified": 1783344469,
        "narHash": "sha256-VgqxdAdL1vwLY7O8YHMi7QL3NxyKpanKbdx5YKbdmkM=",
        "owner": "grigio",
        "repo": "noctalia-labwc-color-sync",
        "rev": "73408360e64ec575af20804111c5de76ff89f438",
        "type": "github"
      },
      "original": {
        "owner": "grigio",
        "repo": "noctalia-labwc-color-sync",
        "type": "github"
      }
    },
    "root": {
      "inputs": {
        "nixpkgs": "nixpkgs",
        "noctalia": "noctalia",
        "noctalia-labwc-color-sync": "noctalia-labwc-color-sync"
      }
    }
  },
  "root": "root",
  "version": 7
}
